
Microsoft Visual Studio Solution File, Format Version 12.00
# Visual Studio Version 17
VisualStudioVersion = 17.11.35312.102
MinimumVisualStudioVersion = 10.0.40219.1
Project("{9A19103F-16F7-4668-BE54-9A1E7A4F7556}") = "Demo_GreetService", "GreetService\Demo_GreetService.csproj", "{92A9AA41-A7A3-4C70-9390-5E829129C64E}"
EndProject
Project("{2150E333-8FDC-42A3-9474-1A3956D46DE8}") = "Demo_GreetService_WebApi", "Demo_GreetService_WebApi", "{BDFBF879-EF5C-48D2-8442-7FF5E7A076A8}"
EndProject
Global
	GlobalSection(SolutionConfigurationPlatforms) = preSolution
		Debug|Any CPU = Debug|Any CPU
		Release|Any CPU = Release|Any CPU
	EndGlobalSection
	GlobalSection(ProjectConfigurationPlatforms) = postSolution
		{92A9AA41-A7A3-4C70-9390-5E829129C64E}.Debug|Any CPU.ActiveCfg = Debug|Any CPU
		{92A9AA41-A7A3-4C70-9390-5E829129C64E}.Debug|Any CPU.Build.0 = Debug|Any CPU
		{92A9AA41-A7A3-4C70-9390-5E829129C64E}.Release|Any CPU.ActiveCfg = Release|Any CPU
		{92A9AA41-A7A3-4C70-9390-5E829129C64E}.Release|Any CPU.Build.0 = Release|Any CPU
	EndGlobalSection
	GlobalSection(SolutionProperties) = preSolution
		HideSolutionNode = FALSE
	EndGlobalSection
	GlobalSection(NestedProjects) = preSolution
		{92A9AA41-A7A3-4C70-9390-5E829129C64E} = {BDFBF879-EF5C-48D2-8442-7FF5E7A076A8}
	EndGlobalSection
	GlobalSection(ExtensibilityGlobals) = postSolution
		SolutionGuid = {82D3325A-4137-4885-93CB-A69BDB972BD8}
	EndGlobalSection
EndGlobal
